# This file is automatically @generated by Cargo.
# It is not intended for manual editing.
version = 3

[[package]]
name = "print_qr"
version = "0.1.0"
dependencies = [
 "qrcode",
]

[[package]]
name = "qrcode"
version = "0.13.0"
source = "registry+https://github.com/rust-lang/crates.io-index"
checksum = "166f136dfdb199f98186f3649cf7a0536534a61417a1a30221b492b4fb60ce3f"
